
Microsoft Visual Studio Solution File, Format Version 12.00
# Visual Studio Version 17
VisualStudioVersion = 17.9.34902.65
MinimumVisualStudioVersion = 10.0.40219.1
Project("{FAE04EC0-301F-11D3-BF4B-00C04F79EFBC}") = "AnonymousDelegates", "AnonymousDelegates\AnonymousDelegates.csproj", "{6773DA81-4AB6-47DA-8712-27835B1C412D}"
EndProject
Project("{FAE04EC0-301F-11D3-BF4B-00C04F79EFBC}") = "MulticastDelegates", "MulticastDelegates\MulticastDelegates.csproj", "{D920E207-2407-478A-9426-A9ED538A6689}"
EndProject
Project("{FAE04EC0-301F-11D3-BF4B-00C04F79EFBC}") = "Delegates", "Delegates\Delegates.csproj", "{EB420911-5C5E-4751-B5C8-2B9175CC4799}"
EndProject
Global
	GlobalSection(SolutionConfigurationPlatforms) = preSolution
		Debug|Any CPU = Debug|Any CPU
		Release|Any CPU = Release|Any CPU
	EndGlobalSection
	GlobalSection(ProjectConfigurationPlatforms) = postSolution
		{6773DA81-4AB6-47DA-8712-27835B1C412D}.Debug|Any CPU.ActiveCfg = Debug|Any CPU
		{6773DA81-4AB6-47DA-8712-27835B1C412D}.Debug|Any CPU.Build.0 = Debug|Any CPU
		{6773DA81-4AB6-47DA-8712-27835B1C412D}.Release|Any CPU.ActiveCfg = Release|Any CPU
		{6773DA81-4AB6-47DA-8712-27835B1C412D}.Release|Any CPU.Build.0 = Release|Any CPU
		{D920E207-2407-478A-9426-A9ED538A6689}.Debug|Any CPU.ActiveCfg = Debug|Any CPU
		{D920E207-2407-478A-9426-A9ED538A6689}.Debug|Any CPU.Build.0 = Debug|Any CPU
		{D920E207-2407-478A-9426-A9ED538A6689}.Release|Any CPU.ActiveCfg = Release|Any CPU
		{D920E207-2407-478A-9426-A9ED538A6689}.Release|Any CPU.Build.0 = Release|Any CPU
		{EB420911-5C5E-4751-B5C8-2B9175CC4799}.Debug|Any CPU.ActiveCfg = Debug|Any CPU
		{EB420911-5C5E-4751-B5C8-2B9175CC4799}.Debug|Any CPU.Build.0 = Debug|Any CPU
		{EB420911-5C5E-4751-B5C8-2B9175CC4799}.Release|Any CPU.ActiveCfg = Release|Any CPU
		{EB420911-5C5E-4751-B5C8-2B9175CC4799}.Release|Any CPU.Build.0 = Release|Any CPU
	EndGlobalSection
	GlobalSection(SolutionProperties) = preSolution
		HideSolutionNode = FALSE
	EndGlobalSection
	GlobalSection(ExtensibilityGlobals) = postSolution
		SolutionGuid = {FA393257-D706-48AC-875A-8B7494E2C4C6}
	EndGlobalSection
EndGlobal
